// !$*UTF8*$!
{
	archiveVersion = 1;
	classes = {
	};
	objectVersion = 46;
	objects = {

/* Begin PBXBuildFile section */
		CD78F0EF1E9B648A0005ADFD /* main.m in Sources */ = {isa = PBXBuildFile; fileRef = CD78F0EE1E9B648A0005ADFD /* main.m */; };
		CD78F0F21E9B648A0005ADFD /* AppDelegate.m in Sources */ = {isa = PBXBuildFile; fileRef = CD78F0F11E9B648A0005ADFD /* AppDelegate.m */; };
		CD78F0F81E9B648A0005ADFD /* Main.storyboard in Resources */ = {isa = PBXBuildFile; fileRef = CD78F0F61E9B648A0005ADFD /* Main.storyboard */; };
		CD78F0FA1E9B648A0005ADFD /* Assets.xcassets in Resources */ = {isa = PBXBuildFile; fileRef = CD78F0F91E9B648A0005ADFD /* Assets.xcassets */; };
		CD78F0FD1E9B648A0005ADFD /* LaunchScreen.storyboard in Resources */ = {isa = PBXBuildFile; fileRef = CD78F0FB1E9B648A0005ADFD /* LaunchScreen.storyboard */; };
		CD78F1081E9B648A0005ADFD /* ZHNTempStatusHelperTests.m in Sources */ = {isa = PBXBuildFile; fileRef = CD78F1071E9B648A0005ADFD /* ZHNTempStatusHelperTests.m */; };
		CD78F1131E9B648A0005ADFD /* ZHNTempStatusHelperUITests.m in Sources */ = {isa = PBXBuildFile; fileRef = CD78F1121E9B648A0005ADFD /* ZHNTempStatusHelperUITests.m */; };
		CD78F12A1E9B64C40005ADFD /* ViewController.m in Sources */ = {isa = PBXBuildFile; fileRef = CD78F1291E9B64C40005ADFD /* ViewController.m */; };
		CD78F15A1E9B64CB0005ADFD /* MJRefreshAutoFooter.m in Sources */ = {isa = PBXBuildFile; fileRef = CD78F12E1E9B64CB0005ADFD /* MJRefreshAutoFooter.m */; };
		CD78F15B1E9B64CB0005ADFD /* MJRefreshBackFooter.m in Sources */ = {isa = PBXBuildFile; fileRef = CD78F1301E9B64CB0005ADFD /* MJRefreshBackFooter.m */; };
		CD78F15C1E9B64CB0005ADFD /* MJRefreshComponent.m in Sources */ = {isa = PBXBuildFile; fileRef = CD78F1321E9B64CB0005ADFD /* MJRefreshComponent.m */; };
		CD78F15D1E9B64CB0005ADFD /* MJRefreshFooter.m in Sources */ = {isa = PBXBuildFile; fileRef = CD78F1341E9B64CB0005ADFD /* MJRefreshFooter.m */; };
		CD78F15E1E9B64CB0005ADFD /* MJRefreshHeader.m in Sources */ = {isa = PBXBuildFile; fileRef = CD78F1361E9B64CB0005ADFD /* MJRefreshHeader.m */; };
		CD78F15F1E9B64CB0005ADFD /* MJRefreshAutoGifFooter.m in Sources */ = {isa = PBXBuildFile; fileRef = CD78F13B1E9B64CB0005ADFD /* MJRefreshAutoGifFooter.m */; };
		CD78F1601E9B64CB0005ADFD /* MJRefreshAutoNormalFooter.m in Sources */ = {isa = PBXBuildFile; fileRef = CD78F13D1E9B64CB0005ADFD /* MJRefreshAutoNormalFooter.m */; };
		CD78F1611E9B64CB0005ADFD /* MJRefreshAutoStateFooter.m in Sources */ = {isa = PBXBuildFile; fileRef = CD78F13F1E9B64CB0005ADFD /* MJRefreshAutoStateFooter.m */; };
		CD78F1621E9B64CB0005ADFD /* MJRefreshBackGifFooter.m in Sources */ = {isa = PBXBuildFile; fileRef = CD78F1421E9B64CB0005ADFD /* MJRefreshBackGifFooter.m */; };
		CD78F1631E9B64CB0005ADFD /* MJRefreshBackNormalFooter.m in Sources */ = {isa = PBXBuildFile; fileRef = CD78F1441E9B64CB0005ADFD /* MJRefreshBackNormalFooter.m */; };
		CD78F1641E9B64CB0005ADFD /* MJRefreshBackStateFooter.m in Sources */ = {isa = PBXBuildFile; fileRef = CD78F1461E9B64CB0005ADFD /* MJRefreshBackStateFooter.m */; };
		CD78F1651E9B64CB0005ADFD /* MJRefreshGifHeader.m in Sources */ = {isa = PBXBuildFile; fileRef = CD78F1491E9B64CB0005ADFD /* MJRefreshGifHeader.m */; };
		CD78F1661E9B64CB0005ADFD /* MJRefreshNormalHeader.m in Sources */ = {isa = PBXBuildFile; fileRef = CD78F14B1E9B64CB0005ADFD /* MJRefreshNormalHeader.m */; };
		CD78F1671E9B64CB0005ADFD /* MJRefreshStateHeader.m in Sources */ = {isa = PBXBuildFile; fileRef = CD78F14D1E9B64CB0005ADFD /* MJRefreshStateHeader.m */; };
		CD78F1681E9B64CB0005ADFD /* MJRefresh.bundle in Resources */ = {isa = PBXBuildFile; fileRef = CD78F14E1E9B64CB0005ADFD /* MJRefresh.bundle */; };
		CD78F1691E9B64CB0005ADFD /* MJRefreshConst.m in Sources */ = {isa = PBXBuildFile; fileRef = CD78F1511E9B64CB0005ADFD /* MJRefreshConst.m */; };
		CD78F16A1E9B64CB0005ADFD /* NSBundle+MJRefresh.m in Sources */ = {isa = PBXBuildFile; fileRef = CD78F1531E9B64CB0005ADFD /* NSBundle+MJRefresh.m */; };
		CD78F16B1E9B64CB0005ADFD /* UIScrollView+MJExtension.m in Sources */ = {isa = PBXBuildFile; fileRef = CD78F1551E9B64CB0005ADFD /* UIScrollView+MJExtension.m */; };
		CD78F16C1E9B64CB0005ADFD /* UIScrollView+MJRefresh.m in Sources */ = {isa = PBXBuildFile; fileRef = CD78F1571E9B64CB0005ADFD /* UIScrollView+MJRefresh.m */; };
		CD78F16D1E9B64CB0005ADFD /* UIView+MJExtension.m in Sources */ = {isa = PBXBuildFile; fileRef = CD78F1591E9B64CB0005ADFD /* UIView+MJExtension.m */; };
		CDFBFF6C1ED528A3004E6358 /* UICollectionView+ZHNAutoTempStatus.m in Sources */ = {isa = PBXBuildFile; fileRef = CDFBFF661ED528A3004E6358 /* UICollectionView+ZHNAutoTempStatus.m */; };
		CDFBFF6D1ED528A3004E6358 /* UITableView+ZHNAutoTempStatus.m in Sources */ = {isa = PBXBuildFile; fileRef = CDFBFF681ED528A3004E6358 /* UITableView+ZHNAutoTempStatus.m */; };
		CDFBFF6E1ED528A3004E6358 /* UIViewController+ZHNAutoTempStatus.m in Sources */ = {isa = PBXBuildFile; fileRef = CDFBFF6A1ED528A3004E6358 /* UIViewController+ZHNAutoTempStatus.m */; };
		CDFBFF711ED5294D004E6358 /* ZHNMethodSwizzingHelper.m in Sources */ = {isa = PBXBuildFile; fileRef = CDFBFF701ED5294D004E6358 /* ZHNMethodSwizzingHelper.m */; };
/* End PBXBuildFile section */

/* Begin PBXContainerItemProxy section */
		CD78F1041E9B648A0005ADFD /* PBXContainerItemProxy */ = {
			isa = PBXContainerItemProxy;
			containerPortal = CD78F0E21E9B648A0005ADFD /* Project object */;
			proxyType = 1;
			remoteGlobalIDString = CD78F0E91E9B648A0005ADFD;
			remoteInfo = ZHNTempStatusHelper;
		};
		CD78F10F1E9B648A0005ADFD /* PBXContainerItemProxy */ = {
			isa = PBXContainerItemProxy;
			containerPortal = CD78F0E21E9B648A0005ADFD /* Project object */;
			proxyType = 1;
			remoteGlobalIDString = CD78F0E91E9B648A0005ADFD;
			remoteInfo = ZHNTempStatusHelper;
		};
/* End PBXContainerItemProxy section */

/* Begin PBXFileReference section */
		CD78F0EA1E9B648A0005ADFD /* ZHNTempStatusHelper.app */ = {isa = PBXFileReference; explicitFileType = wrapper.application; includeInIndex = 0; path = ZHNTempStatusHelper.app; sourceTree = BUILT_PRODUCTS_DIR; };
		CD78F0EE1E9B648A0005ADFD /* main.m */ = {isa = PBXFileReference; lastKnownFileType = sourcecode.c.objc; path = main.m; sourceTree = "<group>"; };
		CD78F0F01E9B648A0005ADFD /* AppDelegate.h */ = {isa = PBXFileReference; lastKnownFileType = sourcecode.c.h; path = AppDelegate.h; sourceTree = "<group>"; };
		CD78F0F11E9B648A0005ADFD /* AppDelegate.m */ = {isa = PBXFileReference; lastKnownFileType = sourcecode.c.objc; path = AppDelegate.m; sourceTree = "<group>"; };
		CD78F0F71E9B648A0005ADFD /* Base */ = {isa = PBXFileReference; lastKnownFileType = file.storyboard; name = Base; path = Base.lproj/Main.storyboard; sourceTree = "<group>"; };
		CD78F0F91E9B648A0005ADFD /* Assets.xcassets */ = {isa = PBXFileReference; lastKnownFileType = folder.assetcatalog; path = Assets.xcassets; sourceTree = "<group>"; };
		CD78F0FC1E9B648A0005ADFD /* Base */ = {isa = PBXFileReference; lastKnownFileType = file.storyboard; name = Base; path = Base.lproj/LaunchScreen.storyboard; sourceTree = "<group>"; };
		CD78F0FE1E9B648A0005ADFD /* Info.plist */ = {isa = PBXFileReference; lastKnownFileType = text.plist.xml; path = Info.plist; sourceTree = "<group>"; };
		CD78F1031E9B648A0005ADFD /* ZHNTempStatusHelperTests.xctest */ = {isa = PBXFileReference; explicitFileType = wrapper.cfbundle; includeInIndex = 0; path = ZHNTempStatusHelperTests.xctest; sourceTree = BUILT_PRODUCTS_DIR; };
		CD78F1071E9B648A0005ADFD /* ZHNTempStatusHelperTests.m */ = {isa = PBXFileReference; lastKnownFileType = sourcecode.c.objc; path = ZHNTempStatusHelperTests.m; sourceTree = "<group>"; };
		CD78F1091E9B648A0005ADFD /* Info.plist */ = {isa = PBXFileReference; lastKnownFileType = text.plist.xml; path = Info.plist; sourceTree = "<group>"; };
		CD78F10E1E9B648A0005ADFD /* ZHNTempStatusHelperUITests.xctest */ = {isa = PBXFileReference; explicitFileType = wrapper.cfbundle; includeInIndex = 0; path = ZHNTempStatusHelperUITests.xctest; sourceTree = BUILT_PRODUCTS_DIR; };
		CD78F1121E9B648A0005ADFD /* ZHNTempStatusHelperUITests.m */ = {isa = PBXFileReference; lastKnownFileType = sourcecode.c.objc; path = ZHNTempStatusHelperUITests.m; sourceTree = "<group>"; };
		CD78F1141E9B648A0005ADFD /* Info.plist */ = {isa = PBXFileReference; lastKnownFileType = text.plist.xml; path = Info.plist; sourceTree = "<group>"; };
		CD78F1281E9B64C40005ADFD /* ViewController.h */ = {isa = PBXFileReference; fileEncoding = 4; lastKnownFileType = sourcecode.c.h; path = ViewController.h; sourceTree = "<group>"; };
		CD78F1291E9B64C40005ADFD /* ViewController.m */ = {isa = PBXFileReference; fileEncoding = 4; lastKnownFileType = sourcecode.c.objc; path = ViewController.m; sourceTree = "<group>"; };
		CD78F12D1E9B64CB0005ADFD /* MJRefreshAutoFooter.h */ = {isa = PBXFileReference; fileEncoding = 4; lastKnownFileType = sourcecode.c.h; path = MJRefreshAutoFooter.h; sourceTree = "<group>"; };
		CD78F12E1E9B64CB0005ADFD /* MJRefreshAutoFooter.m */ = {isa = PBXFileReference; fileEncoding = 4; lastKnownFileType = sourcecode.c.objc; path = MJRefreshAutoFooter.m; sourceTree = "<group>"; };
		CD78F12F1E9B64CB0005ADFD /* MJRefreshBackFooter.h */ = {isa = PBXFileReference; fileEncoding = 4; lastKnownFileType = sourcecode.c.h; path = MJRefreshBackFooter.h; sourceTree = "<group>"; };
		CD78F1301E9B64CB0005ADFD /* MJRefreshBackFooter.m */ = {isa = PBXFileReference; fileEncoding = 4; lastKnownFileType = sourcecode.c.objc; path = MJRefreshBackFooter.m; sourceTree = "<group>"; };
		CD78F1311E9B64CB0005ADFD /* MJRefreshComponent.h */ = {isa = PBXFileReference; fileEncoding = 4; lastKnownFileType = sourcecode.c.h; path = MJRefreshComponent.h; sourceTree = "<group>"; };
		CD78F1321E9B64CB0005ADFD /* MJRefreshComponent.m */ = {isa = PBXFileReference; fileEncoding = 4; lastKnownFileType = sourcecode.c.objc; path = MJRefreshComponent.m; sourceTree = "<group>"; };
		CD78F1331E9B64CB0005ADFD /* MJRefreshFooter.h */ = {isa = PBXFileReference; fileEncoding = 4; lastKnownFileType = sourcecode.c.h; path = MJRefreshFooter.h; sourceTree = "<group>"; };
		CD78F1341E9B64CB0005ADFD /* MJRefreshFooter.m */ = {isa = PBXFileReference; fileEncoding = 4; lastKnownFileType = sourcecode.c.objc; path = MJRefreshFooter.m; sourceTree = "<group>"; };
		CD78F1351E9B64CB0005ADFD /* MJRefreshHeader.h */ = {isa = PBXFileReference; fileEncoding = 4; lastKnownFileType = sourcecode.c.h; path = MJRefreshHeader.h; sourceTree = "<group>"; };
		CD78F1361E9B64CB0005ADFD /* MJRefreshHeader.m */ = {isa = PBXFileReference; fileEncoding = 4; lastKnownFileType = sourcecode.c.objc; path = MJRefreshHeader.m; sourceTree = "<group>"; };
		CD78F13A1E9B64CB0005ADFD /* MJRefreshAutoGifFooter.h */ = {isa = PBXFileReference; fileEncoding = 4; lastKnownFileType = sourcecode.c.h; path = MJRefreshAutoGifFooter.h; sourceTree = "<group>"; };
		CD78F13B1E9B64CB0005ADFD /* MJRefreshAutoGifFooter.m */ = {isa = PBXFileReference; fileEncoding = 4; lastKnownFileType = sourcecode.c.objc; path = MJRefreshAutoGifFooter.m; sourceTree = "<group>"; };
		CD78F13C1E9B64CB0005ADFD /* MJRefreshAutoNormalFooter.h */ = {isa = PBXFileReference; fileEncoding = 4; lastKnownFileType = sourcecode.c.h; path = MJRefreshAutoNormalFooter.h; sourceTree = "<group>"; };
		CD78F13D1E9B64CB0005ADFD /* MJRefreshAutoNormalFooter.m */ = {isa = PBXFileReference; fileEncoding = 4; lastKnownFileType = sourcecode.c.objc; path = MJRefreshAutoNormalFooter.m; sourceTree = "<group>"; };
		CD78F13E1E9B64CB0005ADFD /* MJRefreshAutoStateFooter.h */ = {isa = PBXFileReference; fileEncoding = 4; lastKnownFileType = sourcecode.c.h; path = MJRefreshAutoStateFooter.h; sourceTree = "<group>"; };
		CD78F13F1E9B64CB0005ADFD /* MJRefreshAutoStateFooter.m */ = {isa = PBXFileReference; fileEncoding = 4; lastKnownFileType = sourcecode.c.objc; path = MJRefreshAutoStateFooter.m; sourceTree = "<group>"; };
		CD78F1411E9B64CB0005ADFD /* MJRefreshBackGifFooter.h */ = {isa = PBXFileReference; fileEncoding = 4; lastKnownFileType = sourcecode.c.h; path = MJRefreshBackGifFooter.h; sourceTree = "<group>"; };
		CD78F1421E9B64CB0005ADFD /* MJRefreshBackGifFooter.m */ = {isa = PBXFileReference; fileEncoding = 4; lastKnownFileType = sourcecode.c.objc; path = MJRefreshBackGifFooter.m; sourceTree = "<group>"; };
		CD78F1431E9B64CB0005ADFD /* MJRefreshBackNormalFooter.h */ = {isa = PBXFileReference; fileEncoding = 4; lastKnownFileType = sourcecode.c.h; path = MJRefreshBackNormalFooter.h; sourceTree = "<group>"; };
		CD78F1441E9B64CB0005ADFD /* MJRefreshBackNormalFooter.m */ = {isa = PBXFileReference; fileEncoding = 4; lastKnownFileType = sourcecode.c.objc; path = MJRefreshBackNormalFooter.m; sourceTree = "<group>"; };
		CD78F1451E9B64CB0005ADFD /* MJRefreshBackStateFooter.h */ = {isa = PBXFileReference; fileEncoding = 4; lastKnownFileType = sourcecode.c.h; path = MJRefreshBackStateFooter.h; sourceTree = "<group>"; };
		CD78F1461E9B64CB0005ADFD /* MJRefreshBackStateFooter.m */ = {isa = PBXFileReference; fileEncoding = 4; lastKnownFileType = sourcecode.c.objc; path = MJRefreshBackStateFooter.m; sourceTree = "<group>"; };
		CD78F1481E9B64CB0005ADFD /* MJRefreshGifHeader.h */ = {isa = PBXFileReference; fileEncoding = 4; lastKnownFileType = sourcecode.c.h; path = MJRefreshGifHeader.h; sourceTree = "<group>"; };
		CD78F1491E9B64CB0005ADFD /* MJRefreshGifHeader.m */ = {isa = PBXFileReference; fileEncoding = 4; lastKnownFileType = sourcecode.c.objc; path = MJRefreshGifHeader.m; sourceTree = "<group>"; };
		CD78F14A1E9B64CB0005ADFD /* MJRefreshNormalHeader.h */ = {isa = PBXFileReference; fileEncoding = 4; lastKnownFileType = sourcecode.c.h; path = MJRefreshNormalHeader.h; sourceTree = "<group>"; };
		CD78F14B1E9B64CB0005ADFD /* MJRefreshNormalHeader.m */ = {isa = PBXFileReference; fileEncoding = 4; lastKnownFileType = sourcecode.c.objc; path = MJRefreshNormalHeader.m; sourceTree = "<group>"; };
		CD78F14C1E9B64CB0005ADFD /* MJRefreshStateHeader.h */ = {isa = PBXFileReference; fileEncoding = 4; lastKnownFileType = sourcecode.c.h; path = MJRefreshStateHeader.h; sourceTree = "<group>"; };
		CD78F14D1E9B64CB0005ADFD /* MJRefreshStateHeader.m */ = {isa = PBXFileReference; fileEncoding = 4; lastKnownFileType = sourcecode.c.objc; path = MJRefreshStateHeader.m; sourceTree = "<group>"; };
		CD78F14E1E9B64CB0005ADFD /* MJRefresh.bundle */ = {isa = PBXFileReference; lastKnownFileType = "wrapper.plug-in"; path = MJRefresh.bundle; sourceTree = "<group>"; };
		CD78F14F1E9B64CB0005ADFD /* MJRefresh.h */ = {isa = PBXFileReference; fileEncoding = 4; lastKnownFileType = sourcecode.c.h; path = MJRefresh.h; sourceTree = "<group>"; };
		CD78F1501E9B64CB0005ADFD /* MJRefreshConst.h */ = {isa = PBXFileReference; fileEncoding = 4; lastKnownFileType = sourcecode.c.h; path = MJRefreshConst.h; sourceTree = "<group>"; };
		CD78F1511E9B64CB0005ADFD /* MJRefreshConst.m */ = {isa = PBXFileReference; fileEncoding = 4; lastKnownFileType = sourcecode.c.objc; path = MJRefreshConst.m; sourceTree = "<group>"; };
		CD78F1521E9B64CB0005ADFD /* NSBundle+MJRefresh.h */ = {isa = PBXFileReference; fileEncoding = 4; lastKnownFileType = sourcecode.c.h; path = "NSBundle+MJRefresh.h"; sourceTree = "<group>"; };
		CD78F1531E9B64CB0005ADFD /* NSBundle+MJRefresh.m */ = {isa = PBXFileReference; fileEncoding = 4; lastKnownFileType = sourcecode.c.objc; path = "NSBundle+MJRefresh.m"; sourceTree = "<group>"; };
		CD78F1541E9B64CB0005ADFD /* UIScrollView+MJExtension.h */ = {isa = PBXFileReference; fileEncoding = 4; lastKnownFileType = sourcecode.c.h; path = "UIScrollView+MJExtension.h"; sourceTree = "<group>"; };
		CD78F1551E9B64CB0005ADFD /* UIScrollView+MJExtension.m */ = {isa = PBXFileReference; fileEncoding = 4; lastKnownFileType = sourcecode.c.objc; path = "UIScrollView+MJExtension.m"; sourceTree = "<group>"; };
		CD78F1561E9B64CB0005ADFD /* UIScrollView+MJRefresh.h */ = {isa = PBXFileReference; fileEncoding = 4; lastKnownFileType = sourcecode.c.h; path = "UIScrollView+MJRefresh.h"; sourceTree = "<group>"; };
		CD78F1571E9B64CB0005ADFD /* UIScrollView+MJRefresh.m */ = {isa = PBXFileReference; fileEncoding = 4; lastKnownFileType = sourcecode.c.objc; path = "UIScrollView+MJRefresh.m"; sourceTree = "<group>"; };
		CD78F1581E9B64CB0005ADFD /* UIView+MJExtension.h */ = {isa = PBXFileReference; fileEncoding = 4; lastKnownFileType = sourcecode.c.h; path = "UIView+MJExtension.h"; sourceTree = "<group>"; };
		CD78F1591E9B64CB0005ADFD /* UIView+MJExtension.m */ = {isa = PBXFileReference; fileEncoding = 4; lastKnownFileType = sourcecode.c.objc; path = "UIView+MJExtension.m"; sourceTree = "<group>"; };
		CDFBFF651ED528A3004E6358 /* UICollectionView+ZHNAutoTempStatus.h */ = {isa = PBXFileReference; fileEncoding = 4; lastKnownFileType = sourcecode.c.h; path = "UICollectionView+ZHNAutoTempStatus.h"; sourceTree = "<group>"; };
		CDFBFF661ED528A3004E6358 /* UICollectionView+ZHNAutoTempStatus.m */ = {isa = PBXFileReference; fileEncoding = 4; lastKnownFileType = sourcecode.c.objc; path = "UICollectionView+ZHNAutoTempStatus.m"; sourceTree = "<group>"; };
		CDFBFF671ED528A3004E6358 /* UITableView+ZHNAutoTempStatus.h */ = {isa = PBXFileReference; fileEncoding = 4; lastKnownFileType = sourcecode.c.h; path = "UITableView+ZHNAutoTempStatus.h"; sourceTree = "<group>"; };
		CDFBFF681ED528A3004E6358 /* UITableView+ZHNAutoTempStatus.m */ = {isa = PBXFileReference; fileEncoding = 4; lastKnownFileType = sourcecode.c.objc; path = "UITableView+ZHNAutoTempStatus.m"; sourceTree = "<group>"; };
		CDFBFF691ED528A3004E6358 /* UIViewController+ZHNAutoTempStatus.h */ = {isa = PBXFileReference; fileEncoding = 4; lastKnownFileType = sourcecode.c.h; path = "UIViewController+ZHNAutoTempStatus.h"; sourceTree = "<group>"; };
		CDFBFF6A1ED528A3004E6358 /* UIViewController+ZHNAutoTempStatus.m */ = {isa = PBXFileReference; fileEncoding = 4; lastKnownFileType = sourcecode.c.objc; path = "UIViewController+ZHNAutoTempStatus.m"; sourceTree = "<group>"; };
		CDFBFF6B1ED528A3004E6358 /* ZHNTempStatusMan.h */ = {isa = PBXFileReference; fileEncoding = 4; lastKnownFileType = sourcecode.c.h; path = ZHNTempStatusMan.h; sourceTree = "<group>"; };
		CDFBFF6F1ED5294D004E6358 /* ZHNMethodSwizzingHelper.h */ = {isa = PBXFileReference; fileEncoding = 4; lastKnownFileType = sourcecode.c.h; path = ZHNMethodSwizzingHelper.h; sourceTree = "<group>"; };
		CDFBFF701ED5294D004E6358 /* ZHNMethodSwizzingHelper.m */ = {isa = PBXFileReference; fileEncoding = 4; lastKnownFileType = sourcecode.c.objc; path = ZHNMethodSwizzingHelper.m; sourceTree = "<group>"; };
/* End PBXFileReference section */

/* Begin PBXFrameworksBuildPhase section */
		CD78F0E71E9B648A0005ADFD /* Frameworks */ = {
			isa = PBXFrameworksBuildPhase;
			buildActionMask = 2147483647;
			files = (
			);
			runOnlyForDeploymentPostprocessing = 0;
		};
		CD78F1001E9B648A0005ADFD /* Frameworks */ = {
			isa = PBXFrameworksBuildPhase;
			buildActionMask = 2147483647;
			files = (
			);
			runOnlyForDeploymentPostprocessing = 0;
		};
		CD78F10B1E9B648A0005ADFD /* Frameworks */ = {
			isa = PBXFrameworksBuildPhase;
			buildActionMask = 2147483647;
			files = (
			);
			runOnlyForDeploymentPostprocessing = 0;
		};
/* End PBXFrameworksBuildPhase section */

/* Begin PBXGroup section */
		CD78F0E11E9B648A0005ADFD = {
			isa = PBXGroup;
			children = (
				CD78F0EC1E9B648A0005ADFD /* ZHNTempStatusHelper */,
				CD78F1061E9B648A0005ADFD /* ZHNTempStatusHelperTests */,
				CD78F1111E9B648A0005ADFD /* ZHNTempStatusHelperUITests */,
				CD78F0EB1E9B648A0005ADFD /* Products */,
			);
			sourceTree = "<group>";
		};
		CD78F0EB1E9B648A0005ADFD /* Products */ = {
			isa = PBXGroup;
			children = (
				CD78F0EA1E9B648A0005ADFD /* ZHNTempStatusHelper.app */,
				CD78F1031E9B648A0005ADFD /* ZHNTempStatusHelperTests.xctest */,
				CD78F10E1E9B648A0005ADFD /* ZHNTempStatusHelperUITests.xctest */,
			);
			name = Products;
			sourceTree = "<group>";
		};
		CD78F0EC1E9B648A0005ADFD /* ZHNTempStatusHelper */ = {
			isa = PBXGroup;
			children = (
				CD78F0F01E9B648A0005ADFD /* AppDelegate.h */,
				CD78F0F11E9B648A0005ADFD /* AppDelegate.m */,
				CD78F1281E9B64C40005ADFD /* ViewController.h */,
				CD78F1291E9B64C40005ADFD /* ViewController.m */,
				CD78F12B1E9B64CB0005ADFD /* MJRefresh */,
				CD78F1201E9B64A10005ADFD /* ZHNTempStatusMan */,
				CD78F0F61E9B648A0005ADFD /* Main.storyboard */,
				CD78F0F91E9B648A0005ADFD /* Assets.xcassets */,
				CD78F0FB1E9B648A0005ADFD /* LaunchScreen.storyboard */,
				CD78F0FE1E9B648A0005ADFD /* Info.plist */,
				CD78F0ED1E9B648A0005ADFD /* Supporting Files */,
			);
			path = ZHNTempStatusHelper;
			sourceTree = "<group>";
		};
		CD78F0ED1E9B648A0005ADFD /* Supporting Files */ = {
			isa = PBXGroup;
			children = (
				CD78F0EE1E9B648A0005ADFD /* main.m */,
			);
			name = "Supporting Files";
			sourceTree = "<group>";
		};
		CD78F1061E9B648A0005ADFD /* ZHNTempStatusHelperTests */ = {
			isa = PBXGroup;
			children = (
				CD78F1071E9B648A0005ADFD /* ZHNTempStatusHelperTests.m */,
				CD78F1091E9B648A0005ADFD /* Info.plist */,
			);
			path = ZHNTempStatusHelperTests;
			sourceTree = "<group>";
		};
		CD78F1111E9B648A0005ADFD /* ZHNTempStatusHelperUITests */ = {
			isa = PBXGroup;
			children = (
				CD78F1121E9B648A0005ADFD /* ZHNTempStatusHelperUITests.m */,
				CD78F1141E9B648A0005ADFD /* Info.plist */,
			);
			path = ZHNTempStatusHelperUITests;
			sourceTree = "<group>";
		};
		CD78F1201E9B64A10005ADFD /* ZHNTempStatusMan */ = {
			isa = PBXGroup;
			children = (
				CDFBFF651ED528A3004E6358 /* UICollectionView+ZHNAutoTempStatus.h */,
				CDFBFF661ED528A3004E6358 /* UICollectionView+ZHNAutoTempStatus.m */,
				CDFBFF671ED528A3004E6358 /* UITableView+ZHNAutoTempStatus.h */,
				CDFBFF681ED528A3004E6358 /* UITableView+ZHNAutoTempStatus.m */,
				CDFBFF691ED528A3004E6358 /* UIViewController+ZHNAutoTempStatus.h */,
				CDFBFF6A1ED528A3004E6358 /* UIViewController+ZHNAutoTempStatus.m */,
				CDFBFF6F1ED5294D004E6358 /* ZHNMethodSwizzingHelper.h */,
				CDFBFF701ED5294D004E6358 /* ZHNMethodSwizzingHelper.m */,
				CDFBFF6B1ED528A3004E6358 /* ZHNTempStatusMan.h */,
			);
			name = ZHNTempStatusMan;
			path = DTTempStatusMan;
			sourceTree = "<group>";
		};
		CD78F12B1E9B64CB0005ADFD /* MJRefresh */ = {
			isa = PBXGroup;
			children = (
				CD78F12C1E9B64CB0005ADFD /* Base */,
				CD78F1371E9B64CB0005ADFD /* Custom */,
				CD78F14E1E9B64CB0005ADFD /* MJRefresh.bundle */,
				CD78F14F1E9B64CB0005ADFD /* MJRefresh.h */,
				CD78F1501E9B64CB0005ADFD /* MJRefreshConst.h */,
				CD78F1511E9B64CB0005ADFD /* MJRefreshConst.m */,
				CD78F1521E9B64CB0005ADFD /* NSBundle+MJRefresh.h */,
				CD78F1531E9B64CB0005ADFD /* NSBundle+MJRefresh.m */,
				CD78F1541E9B64CB0005ADFD /* UIScrollView+MJExtension.h */,
				CD78F1551E9B64CB0005ADFD /* UIScrollView+MJExtension.m */,
				CD78F1561E9B64CB0005ADFD /* UIScrollView+MJRefresh.h */,
				CD78F1571E9B64CB0005ADFD /* UIScrollView+MJRefresh.m */,
				CD78F1581E9B64CB0005ADFD /* UIView+MJExtension.h */,
				CD78F1591E9B64CB0005ADFD /* UIView+MJExtension.m */,
			);
			path = MJRefresh;
			sourceTree = "<group>";
		};
		CD78F12C1E9B64CB0005ADFD /* Base */ = {
			isa = PBXGroup;
			children = (
				CD78F12D1E9B64CB0005ADFD /* MJRefreshAutoFooter.h */,
				CD78F12E1E9B64CB0005ADFD /* MJRefreshAutoFooter.m */,
				CD78F12F1E9B64CB0005ADFD /* MJRefreshBackFooter.h */,
				CD78F1301E9B64CB0005ADFD /* MJRefreshBackFooter.m */,
				CD78F1311E9B64CB0005ADFD /* MJRefreshComponent.h */,
				CD78F1321E9B64CB0005ADFD /* MJRefreshComponent.m */,
				CD78F1331E9B64CB0005ADFD /* MJRefreshFooter.h */,
				CD78F1341E9B64CB0005ADFD /* MJRefreshFooter.m */,
				CD78F1351E9B64CB0005ADFD /* MJRefreshHeader.h */,
				CD78F1361E9B64CB0005ADFD /* MJRefreshHeader.m */,
			);
			path = Base;
			sourceTree = "<group>";
		};
		CD78F1371E9B64CB0005ADFD /* Custom */ = {
			isa = PBXGroup;
			children = (
				CD78F1381E9B64CB0005ADFD /* Footer */,
				CD78F1471E9B64CB0005ADFD /* Header */,
			);
			path = Custom;
			sourceTree = "<group>";
		};
		CD78F1381E9B64CB0005ADFD /* Footer */ = {
			isa = PBXGroup;
			children = (
				CD78F1391E9B64CB0005ADFD /* Auto */,
				CD78F1401E9B64CB0005ADFD /* Back */,
			);
			path = Footer;
			sourceTree = "<group>";
		};
		CD78F1391E9B64CB0005ADFD /* Auto */ = {
			isa = PBXGroup;
			children = (
				CD78F13A1E9B64CB0005ADFD /* MJRefreshAutoGifFooter.h */,
				CD78F13B1E9B64CB0005ADFD /* MJRefreshAutoGifFooter.m */,
				CD78F13C1E9B64CB0005ADFD /* MJRefreshAutoNormalFooter.h */,
				CD78F13D1E9B64CB0005ADFD /* MJRefreshAutoNormalFooter.m */,
				CD78F13E1E9B64CB0005ADFD /* MJRefreshAutoStateFooter.h */,
				CD78F13F1E9B64CB0005ADFD /* MJRefreshAutoStateFooter.m */,
			);
			path = Auto;
			sourceTree = "<group>";
		};
		CD78F1401E9B64CB0005ADFD /* Back */ = {
			isa = PBXGroup;
			children = (
				CD78F1411E9B64CB0005ADFD /* MJRefreshBackGifFooter.h */,
				CD78F1421E9B64CB0005ADFD /* MJRefreshBackGifFooter.m */,
				CD78F1431E9B64CB0005ADFD /* MJRefreshBackNormalFooter.h */,
				CD78F1441E9B64CB0005ADFD /* MJRefreshBackNormalFooter.m */,
				CD78F1451E9B64CB0005ADFD /* MJRefreshBackStateFooter.h */,
				CD78F1461E9B64CB0005ADFD /* MJRefreshBackStateFooter.m */,
			);
			path = Back;
			sourceTree = "<group>";
		};
		CD78F1471E9B64CB0005ADFD /* Header */ = {
			isa = PBXGroup;
			children = (
				CD78F1481E9B64CB0005ADFD /* MJRefreshGifHeader.h */,
				CD78F1491E9B64CB0005ADFD /* MJRefreshGifHeader.m */,
				CD78F14A1E9B64CB0005ADFD /* MJRefreshNormalHeader.h */,
				CD78F14B1E9B64CB0005ADFD /* MJRefreshNormalHeader.m */,
				CD78F14C1E9B64CB0005ADFD /* MJRefreshStateHeader.h */,
				CD78F14D1E9B64CB0005ADFD /* MJRefreshStateHeader.m */,
			);
			path = Header;
			sourceTree = "<group>";
		};
/* End PBXGroup section */

/* Begin PBXNativeTarget section */
		CD78F0E91E9B648A0005ADFD /* ZHNTempStatusHelper */ = {
			isa = PBXNativeTarget;
			buildConfigurationList = CD78F1171E9B648A0005ADFD /* Build configuration list for PBXNativeTarget "ZHNTempStatusHelper" */;
			buildPhases = (
				CD78F0E61E9B648A0005ADFD /* Sources */,
				CD78F0E71E9B648A0005ADFD /* Frameworks */,
				CD78F0E81E9B648A0005ADFD /* Resources */,
			);
			buildRules = (
			);
			dependencies = (
			);
			name = ZHNTempStatusHelper;
			productName = ZHNTempStatusHelper;
			productReference = CD78F0EA1E9B648A0005ADFD /* ZHNTempStatusHelper.app */;
			productType = "com.apple.product-type.application";
		};
		CD78F1021E9B648A0005ADFD /* ZHNTempStatusHelperTests */ = {
			isa = PBXNativeTarget;
			buildConfigurationList = CD78F11A1E9B648A0005ADFD /* Build configuration list for PBXNativeTarget "ZHNTempStatusHelperTests" */;
			buildPhases = (
				CD78F0FF1E9B648A0005ADFD /* Sources */,
				CD78F1001E9B648A0005ADFD /* Frameworks */,
				CD78F1011E9B648A0005ADFD /* Resources */,
			);
			buildRules = (
			);
			dependencies = (
				CD78F1051E9B648A0005ADFD /* PBXTargetDependency */,
			);
			name = ZHNTempStatusHelperTests;
			productName = ZHNTempStatusHelperTests;
			productReference = CD78F1031E9B648A0005ADFD /* ZHNTempStatusHelperTests.xctest */;
			productType = "com.apple.product-type.bundle.unit-test";
		};
		CD78F10D1E9B648A0005ADFD /* ZHNTempStatusHelperUITests */ = {
			isa = PBXNativeTarget;
			buildConfigurationList = CD78F11D1E9B648A0005ADFD /* Build configuration list for PBXNativeTarget "ZHNTempStatusHelperUITests" */;
			buildPhases = (
				CD78F10A1E9B648A0005ADFD /* Sources */,
				CD78F10B1E9B648A0005ADFD /* Frameworks */,
				CD78F10C1E9B648A0005ADFD /* Resources */,
			);
			buildRules = (
			);
			dependencies = (
				CD78F1101E9B648A0005ADFD /* PBXTargetDependency */,
			);
			name = ZHNTempStatusHelperUITests;
			productName = ZHNTempStatusHelperUITests;
			productReference = CD78F10E1E9B648A0005ADFD /* ZHNTempStatusHelperUITests.xctest */;
			productType = "com.apple.product-type.bundle.ui-testing";
		};
/* End PBXNativeTarget section */

/* Begin PBXProject section */
		CD78F0E21E9B648A0005ADFD /* Project object */ = {
			isa = PBXProject;
			attributes = {
				LastUpgradeCheck = 0820;
				ORGANIZATIONNAME = zhn;
				TargetAttributes = {
					CD78F0E91E9B648A0005ADFD = {
						CreatedOnToolsVersion = 8.2.1;
						ProvisioningStyle = Automatic;
					};
					CD78F1021E9B648A0005ADFD = {
						CreatedOnToolsVersion = 8.2.1;
						ProvisioningStyle = Automatic;
						TestTargetID = CD78F0E91E9B648A0005ADFD;
					};
					CD78F10D1E9B648A0005ADFD = {
						CreatedOnToolsVersion = 8.2.1;
						ProvisioningStyle = Automatic;
						TestTargetID = CD78F0E91E9B648A0005ADFD;
					};
				};
			};
			buildConfigurationList = CD78F0E51E9B648A0005ADFD /* Build configuration list for PBXProject "ZHNTempStatusHelper" */;
			compatibilityVersion = "Xcode 3.2";
			developmentRegion = English;
			hasScannedForEncodings = 0;
			knownRegions = (
				en,
				Base,
			);
			mainGroup = CD78F0E11E9B648A0005ADFD;
			productRefGroup = CD78F0EB1E9B648A0005ADFD /* Products */;
			projectDirPath = "";
			projectRoot = "";
			targets = (
				CD78F0E91E9B648A0005ADFD /* ZHNTempStatusHelper */,
				CD78F1021E9B648A0005ADFD /* ZHNTempStatusHelperTests */,
				CD78F10D1E9B648A0005ADFD /* ZHNTempStatusHelperUITests */,
			);
		};
/* End PBXProject section */

/* Begin PBXResourcesBuildPhase section */
		CD78F0E81E9B648A0005ADFD /* Resources */ = {
			isa = PBXResourcesBuildPhase;
			buildActionMask = 2147483647;
			files = (
				CD78F0FD1E9B648A0005ADFD /* LaunchScreen.storyboard in Resources */,
				CD78F0FA1E9B648A0005ADFD /* Assets.xcassets in Resources */,
				CD78F1681E9B64CB0005ADFD /* MJRefresh.bundle in Resources */,
				CD78F0F81E9B648A0005ADFD /* Main.storyboard in Resources */,
			);
			runOnlyForDeploymentPostprocessing = 0;
		};
		CD78F1011E9B648A0005ADFD /* Resources */ = {
			isa = PBXResourcesBuildPhase;
			buildActionMask = 2147483647;
			files = (
			);
			runOnlyForDeploymentPostprocessing = 0;
		};
		CD78F10C1E9B648A0005ADFD /* Resources */ = {
			isa = PBXResourcesBuildPhase;
			buildActionMask = 2147483647;
			files = (
			);
			runOnlyForDeploymentPostprocessing = 0;
		};
/* End PBXResourcesBuildPhase section */

/* Begin PBXSourcesBuildPhase section */
		CD78F0E61E9B648A0005ADFD /* Sources */ = {
			isa = PBXSourcesBuildPhase;
			buildActionMask = 2147483647;
			files = (
				CD78F1661E9B64CB0005ADFD /* MJRefreshNormalHeader.m in Sources */,
				CDFBFF6D1ED528A3004E6358 /* UITableView+ZHNAutoTempStatus.m in Sources */,
				CD78F16A1E9B64CB0005ADFD /* NSBundle+MJRefresh.m in Sources */,
				CD78F1671E9B64CB0005ADFD /* MJRefreshStateHeader.m in Sources */,
				CDFBFF711ED5294D004E6358 /* ZHNMethodSwizzingHelper.m in Sources */,
				CD78F1651E9B64CB0005ADFD /* MJRefreshGifHeader.m in Sources */,
				CD78F1631E9B64CB0005ADFD /* MJRefreshBackNormalFooter.m in Sources */,
				CD78F1691E9B64CB0005ADFD /* MJRefreshConst.m in Sources */,
				CD78F15C1E9B64CB0005ADFD /* MJRefreshComponent.m in Sources */,
				CD78F16D1E9B64CB0005ADFD /* UIView+MJExtension.m in Sources */,
				CD78F15F1E9B64CB0005ADFD /* MJRefreshAutoGifFooter.m in Sources */,
				CD78F16B1E9B64CB0005ADFD /* UIScrollView+MJExtension.m in Sources */,
				CD78F15B1E9B64CB0005ADFD /* MJRefreshBackFooter.m in Sources */,
				CD78F0F21E9B648A0005ADFD /* AppDelegate.m in Sources */,
				CD78F1601E9B64CB0005ADFD /* MJRefreshAutoNormalFooter.m in Sources */,
				CD78F0EF1E9B648A0005ADFD /* main.m in Sources */,
				CDFBFF6E1ED528A3004E6358 /* UIViewController+ZHNAutoTempStatus.m in Sources */,
				CD78F1621E9B64CB0005ADFD /* MJRefreshBackGifFooter.m in Sources */,
				CD78F15E1E9B64CB0005ADFD /* MJRefreshHeader.m in Sources */,
				CD78F1611E9B64CB0005ADFD /* MJRefreshAutoStateFooter.m in Sources */,
				CDFBFF6C1ED528A3004E6358 /* UICollectionView+ZHNAutoTempStatus.m in Sources */,
				CD78F15D1E9B64CB0005ADFD /* MJRefreshFooter.m in Sources */,
				CD78F16C1E9B64CB0005ADFD /* UIScrollView+MJRefresh.m in Sources */,
				CD78F1641E9B64CB0005ADFD /* MJRefreshBackStateFooter.m in Sources */,
				CD78F15A1E9B64CB0005ADFD /* MJRefreshAutoFooter.m in Sources */,
				CD78F12A1E9B64C40005ADFD /* ViewController.m in Sources */,
			);
			runOnlyForDeploymentPostprocessing = 0;
		};
		CD78F0FF1E9B648A0005ADFD /* Sources */ = {
			isa = PBXSourcesBuildPhase;
			buildActionMask = 2147483647;
			files = (
				CD78F1081E9B648A0005ADFD /* ZHNTempStatusHelperTests.m in Sources */,
			);
			runOnlyForDeploymentPostprocessing = 0;
		};
		CD78F10A1E9B648A0005ADFD /* Sources */ = {
			isa = PBXSourcesBuildPhase;
			buildActionMask = 2147483647;
			files = (
				CD78F1131E9B648A0005ADFD /* ZHNTempStatusHelperUITests.m in Sources */,
			);
			runOnlyForDeploymentPostprocessing = 0;
		};
/* End PBXSourcesBuildPhase section */

/* Begin PBXTargetDependency section */
		CD78F1051E9B648A0005ADFD /* PBXTargetDependency */ = {
			isa = PBXTargetDependency;
			target = CD78F0E91E9B648A0005ADFD /* ZHNTempStatusHelper */;
			targetProxy = CD78F1041E9B648A0005ADFD /* PBXContainerItemProxy */;
		};
		CD78F1101E9B648A0005ADFD /* PBXTargetDependency */ = {
			isa = PBXTargetDependency;
			target = CD78F0E91E9B648A0005ADFD /* ZHNTempStatusHelper */;
			targetProxy = CD78F10F1E9B648A0005ADFD /* PBXContainerItemProxy */;
		};
/* End PBXTargetDependency section */

/* Begin PBXVariantGroup section */
		CD78F0F61E9B648A0005ADFD /* Main.storyboard */ = {
			isa = PBXVariantGroup;
			children = (
				CD78F0F71E9B648A0005ADFD /* Base */,
			);
			name = Main.storyboard;
			sourceTree = "<group>";
		};
		CD78F0FB1E9B648A0005ADFD /* LaunchScreen.storyboard */ = {
			isa = PBXVariantGroup;
			children = (
				CD78F0FC1E9B648A0005ADFD /* Base */,
			);
			name = LaunchScreen.storyboard;
			sourceTree = "<group>";
		};
/* End PBXVariantGroup section */

/* Begin XCBuildConfiguration section */
		CD78F1151E9B648A0005ADFD /* Debug */ = {
			isa = XCBuildConfiguration;
			buildSettings = {
				ALWAYS_SEARCH_USER_PATHS = NO;
				CLANG_ANALYZER_NONNULL = YES;
				CLANG_CXX_LANGUAGE_STANDARD = "gnu++0x";
				CLANG_CXX_LIBRARY = "libc++";
				CLANG_ENABLE_MODULES = YES;
				CLANG_ENABLE_OBJC_ARC = YES;
				CLANG_WARN_BOOL_CONVERSION = YES;
				CLANG_WARN_CONSTANT_CONVERSION = YES;
				CLANG_WARN_DIRECT_OBJC_ISA_USAGE = YES_ERROR;
				CLANG_WARN_DOCUMENTATION_COMMENTS = YES;
				CLANG_WARN_EMPTY_BODY = YES;
				CLANG_WARN_ENUM_CONVERSION = YES;
				CLANG_WARN_INFINITE_RECURSION = YES;
				CLANG_WARN_INT_CONVERSION = YES;
				CLANG_WARN_OBJC_ROOT_CLASS = YES_ERROR;
				CLANG_WARN_SUSPICIOUS_MOVE = YES;
				CLANG_WARN_UNREACHABLE_CODE = YES;
				CLANG_WARN__DUPLICATE_METHOD_MATCH = YES;
				"CODE_SIGN_IDENTITY[sdk=iphoneos*]" = "iPhone Developer";
				COPY_PHASE_STRIP = NO;
				DEBUG_INFORMATION_FORMAT = dwarf;
				ENABLE_STRICT_OBJC_MSGSEND = YES;
				ENABLE_TESTABILITY = YES;
				GCC_C_LANGUAGE_STANDARD = gnu99;
				GCC_DYNAMIC_NO_PIC = NO;
				GCC_NO_COMMON_BLOCKS = YES;
				GCC_OPTIMIZATION_LEVEL = 0;
				GCC_PREPROCESSOR_DEFINITIONS = (
					"DEBUG=1",
					"$(inherited)",
				);
				GCC_WARN_64_TO_32_BIT_CONVERSION = YES;
				GCC_WARN_ABOUT_RETURN_TYPE = YES_ERROR;
				GCC_WARN_UNDECLARED_SELECTOR = YES;
				GCC_WARN_UNINITIALIZED_AUTOS = YES_AGGRESSIVE;
				GCC_WARN_UNUSED_FUNCTION = YES;
				GCC_WARN_UNUSED_VARIABLE = YES;
				IPHONEOS_DEPLOYMENT_TARGET = 10.2;
				MTL_ENABLE_DEBUG_INFO = YES;
				ONLY_ACTIVE_ARCH = YES;
				SDKROOT = iphoneos;
				TARGETED_DEVICE_FAMILY = "1,2";
			};
			name = Debug;
		};
		CD78F1161E9B648A0005ADFD /* Release */ = {
			isa = XCBuildConfiguration;
			buildSettings = {
				ALWAYS_SEARCH_USER_PATHS = NO;
				CLANG_ANALYZER_NONNULL = YES;
				CLANG_CXX_LANGUAGE_STANDARD = "gnu++0x";
				CLANG_CXX_LIBRARY = "libc++";
				CLANG_ENABLE_MODULES = YES;
				CLANG_ENABLE_OBJC_ARC = YES;
				CLANG_WARN_BOOL_CONVERSION = YES;
				CLANG_WARN_CONSTANT_CONVERSION = YES;
				CLANG_WARN_DIRECT_OBJC_ISA_USAGE = YES_ERROR;
				CLANG_WARN_DOCUMENTATION_COMMENTS = YES;
				CLANG_WARN_EMPTY_BODY = YES;
				CLANG_WARN_ENUM_CONVERSION = YES;
				CLANG_WARN_INFINITE_RECURSION = YES;
				CLANG_WARN_INT_CONVERSION = YES;
				CLANG_WARN_OBJC_ROOT_CLASS = YES_ERROR;
				CLANG_WARN_SUSPICIOUS_MOVE = YES;
				CLANG_WARN_UNREACHABLE_CODE = YES;
				CLANG_WARN__DUPLICATE_METHOD_MATCH = YES;
				"CODE_SIGN_IDENTITY[sdk=iphoneos*]" = "iPhone Developer";
				COPY_PHASE_STRIP = NO;
				DEBUG_INFORMATION_FORMAT = "dwarf-with-dsym";
				ENABLE_NS_ASSERTIONS = NO;
				ENABLE_STRICT_OBJC_MSGSEND = YES;
				GCC_C_LANGUAGE_STANDARD = gnu99;
				GCC_NO_COMMON_BLOCKS = YES;
				GCC_WARN_64_TO_32_BIT_CONVERSION = YES;
				GCC_WARN_ABOUT_RETURN_TYPE = YES_ERROR;
				GCC_WARN_UNDECLARED_SELECTOR = YES;
				GCC_WARN_UNINITIALIZED_AUTOS = YES_AGGRESSIVE;
				GCC_WARN_UNUSED_FUNCTION = YES;
				GCC_WARN_UNUSED_VARIABLE = YES;
				IPHONEOS_DEPLOYMENT_TARGET = 10.2;
				MTL_ENABLE_DEBUG_INFO = NO;
				SDKROOT = iphoneos;
				TARGETED_DEVICE_FAMILY = "1,2";
				VALIDATE_PRODUCT = YES;
			};
			name = Release;
		};
		CD78F1181E9B648A0005ADFD /* Debug */ = {
			isa = XCBuildConfiguration;
			buildSettings = {
				ASSETCATALOG_COMPILER_APPICON_NAME = AppIcon;
				INFOPLIST_FILE = ZHNTempStatusHelper/Info.plist;
				LD_RUNPATH_SEARCH_PATHS = "$(inherited) @executable_path/Frameworks";
				PRODUCT_BUNDLE_IDENTIFIER = zhn.ZHNTempStatusHelper;
				PRODUCT_NAME = "$(TARGET_NAME)";
			};
			name = Debug;
		};
		CD78F1191E9B648A0005ADFD /* Release */ = {
			isa = XCBuildConfiguration;
			buildSettings = {
				ASSETCATALOG_COMPILER_APPICON_NAME = AppIcon;
				INFOPLIST_FILE = ZHNTempStatusHelper/Info.plist;
				LD_RUNPATH_SEARCH_PATHS = "$(inherited) @executable_path/Frameworks";
				PRODUCT_BUNDLE_IDENTIFIER = zhn.ZHNTempStatusHelper;
				PRODUCT_NAME = "$(TARGET_NAME)";
			};
			name = Release;
		};
		CD78F11B1E9B648A0005ADFD /* Debug */ = {
			isa = XCBuildConfiguration;
			buildSettings = {
				BUNDLE_LOADER = "$(TEST_HOST)";
				INFOPLIST_FILE = ZHNTempStatusHelperTests/Info.plist;
				LD_RUNPATH_SEARCH_PATHS = "$(inherited) @executable_path/Frameworks @loader_path/Frameworks";
				PRODUCT_BUNDLE_IDENTIFIER = zhn.ZHNTempStatusHelperTests;
				PRODUCT_NAME = "$(TARGET_NAME)";
				TEST_HOST = "$(BUILT_PRODUCTS_DIR)/ZHNTempStatusHelper.app/ZHNTempStatusHelper";
			};
			name = Debug;
		};
		CD78F11C1E9B648A0005ADFD /* Release */ = {
			isa = XCBuildConfiguration;
			buildSettings = {
				BUNDLE_LOADER = "$(TEST_HOST)";
				INFOPLIST_FILE = ZHNTempStatusHelperTests/Info.plist;
				LD_RUNPATH_SEARCH_PATHS = "$(inherited) @executable_path/Frameworks @loader_path/Frameworks";
				PRODUCT_BUNDLE_IDENTIFIER = zhn.ZHNTempStatusHelperTests;
				PRODUCT_NAME = "$(TARGET_NAME)";
				TEST_HOST = "$(BUILT_PRODUCTS_DIR)/ZHNTempStatusHelper.app/ZHNTempStatusHelper";
			};
			name = Release;
		};
		CD78F11E1E9B648A0005ADFD /* Debug */ = {
			isa = XCBuildConfiguration;
			buildSettings = {
				INFOPLIST_FILE = ZHNTempStatusHelperUITests/Info.plist;
				LD_RUNPATH_SEARCH_PATHS = "$(inherited) @executable_path/Frameworks @loader_path/Frameworks";
				PRODUCT_BUNDLE_IDENTIFIER = zhn.ZHNTempStatusHelperUITests;
				PRODUCT_NAME = "$(TARGET_NAME)";
				TEST_TARGET_NAME = ZHNTempStatusHelper;
			};
			name = Debug;
		};
		CD78F11F1E9B648A0005ADFD /* Release */ = {
			isa = XCBuildConfiguration;
			buildSettings = {
				INFOPLIST_FILE = ZHNTempStatusHelperUITests/Info.plist;
				LD_RUNPATH_SEARCH_PATHS = "$(inherited) @executable_path/Frameworks @loader_path/Frameworks";
				PRODUCT_BUNDLE_IDENTIFIER = zhn.ZHNTempStatusHelperUITests;
				PRODUCT_NAME = "$(TARGET_NAME)";
				TEST_TARGET_NAME = ZHNTempStatusHelper;
			};
			name = Release;
		};
/* End XCBuildConfiguration section */

/* Begin XCConfigurationList section */
		CD78F0E51E9B648A0005ADFD /* Build configuration list for PBXProject "ZHNTempStatusHelper" */ = {
			isa = XCConfigurationList;
			buildConfigurations = (
				CD78F1151E9B648A0005ADFD /* Debug */,
				CD78F1161E9B648A0005ADFD /* Release */,
			);
			defaultConfigurationIsVisible = 0;
			defaultConfigurationName = Release;
		};
		CD78F1171E9B648A0005ADFD /* Build configuration list for PBXNativeTarget "ZHNTempStatusHelper" */ = {
			isa = XCConfigurationList;
			buildConfigurations = (
				CD78F1181E9B648A0005ADFD /* Debug */,
				CD78F1191E9B648A0005ADFD /* Release */,
			);
			defaultConfigurationIsVisible = 0;
			defaultConfigurationName = Release;
		};
		CD78F11A1E9B648A0005ADFD /* Build configuration list for PBXNativeTarget "ZHNTempStatusHelperTests" */ = {
			isa = XCConfigurationList;
			buildConfigurations = (
				CD78F11B1E9B648A0005ADFD /* Debug */,
				CD78F11C1E9B648A0005ADFD /* Release */,
			);
			defaultConfigurationIsVisible = 0;
			defaultConfigurationName = Release;
		};
		CD78F11D1E9B648A0005ADFD /* Build configuration list for PBXNativeTarget "ZHNTempStatusHelperUITests" */ = {
			isa = XCConfigurationList;
			buildConfigurations = (
				CD78F11E1E9B648A0005ADFD /* Debug */,
				CD78F11F1E9B648A0005ADFD /* Release */,
			);
			defaultConfigurationIsVisible = 0;
			defaultConfigurationName = Release;
		};
/* End XCConfigurationList section */
	};
	rootObject = CD78F0E21E9B648A0005ADFD /* Project object */;
}
